// !$*UTF8*$!
{
	archiveVersion = 1;
	classes = {
	};
	objectVersion = 46;
	objects = {

/* Begin PBXBuildFile section */
		52EBA45D1F13AC7D003A9455 /* AppDelegate.swift in Sources */ = {isa = PBXBuildFile; fileRef = 52EBA45C1F13AC7D003A9455 /* AppDelegate.swift */; };
		52EBA45F1F13AC7D003A9455 /* ViewController.swift in Sources */ = {isa = PBXBuildFile; fileRef = 52EBA45E1F13AC7D003A9455 /* ViewController.swift */; };
		52EBA4621F13AC7D003A9455 /* Main.storyboard in Resources */ = {isa = PBXBuildFile; fileRef = 52EBA4601F13AC7D003A9455 /* Main.storyboard */; };
		52EBA4641F13AC7D003A9455 /* Assets.xcassets in Resources */ = {isa = PBXBuildFile; fileRef = 52EBA4631F13AC7D003A9455 /* Assets.xcassets */; };
		52EBA4671F13AC7D003A9455 /* LaunchScreen.storyboard in Resources */ = {isa = PBXBuildFile; fileRef = 52EBA4651F13AC7D003A9455 /* LaunchScreen.storyboard */; };
		52EBA4721F13AC7E003A9455 /* SampleTests.swift in Sources */ = {isa = PBXBuildFile; fileRef = 52EBA4711F13AC7E003A9455 /* SampleTests.swift */; };
		52EBA47D1F13AC7E003A9455 /* SampleUITests.swift in Sources */ = {isa = PBXBuildFile; fileRef = 52EBA47C1F13AC7E003A9455 /* SampleUITests.swift */; };
/* End PBXBuildFile section */

/* Begin PBXContainerItemProxy section */
		52EBA46E1F13AC7E003A9455 /* PBXContainerItemProxy */ = {
			isa = PBXContainerItemProxy;
			containerPortal = 52EBA4511F13AC7D003A9455 /* Project object */;
			proxyType = 1;
			remoteGlobalIDString = 52EBA4581F13AC7D003A9455;
			remoteInfo = Sample;
		};
		52EBA4791F13AC7E003A9455 /* PBXContainerItemProxy */ = {
			isa = PBXContainerItemProxy;
			containerPortal = 52EBA4511F13AC7D003A9455 /* Project object */;
			proxyType = 1;
			remoteGlobalIDString = 52EBA4581F13AC7D003A9455;
			remoteInfo = Sample;
		};
/* End PBXContainerItemProxy section */

/* Begin PBXFileReference section */
		52EBA4591F13AC7D003A9455 /* Sample.app */ = {isa = PBXFileReference; explicitFileType = wrapper.application; includeInIndex = 0; path = Sample.app; sourceTree = BUILT_PRODUCTS_DIR; };
		52EBA45C1F13AC7D003A9455 /* AppDelegate.swift */ = {isa = PBXFileReference; lastKnownFileType = sourcecode.swift; path = AppDelegate.swift; sourceTree = "<group>"; };
		52EBA45E1F13AC7D003A9455 /* ViewController.swift */ = {isa = PBXFileReference; lastKnownFileType = sourcecode.swift; path = ViewController.swift; sourceTree = "<group>"; };
		52EBA4611F13AC7D003A9455 /* Base */ = {isa = PBXFileReference; lastKnownFileType = file.storyboard; name = Base; path = Base.lproj/Main.storyboard; sourceTree = "<group>"; };
		52EBA4631F13AC7D003A9455 /* Assets.xcassets */ = {isa = PBXFileReference; lastKnownFileType = folder.assetcatalog; path = Assets.xcassets; sourceTree = "<group>"; };
		52EBA4661F13AC7D003A9455 /* Base */ = {isa = PBXFileReference; lastKnownFileType = file.storyboard; name = Base; path = Base.lproj/LaunchScreen.storyboard; sourceTree = "<group>"; };
		52EBA4681F13AC7D003A9455 /* Info.plist */ = {isa = PBXFileReference; lastKnownFileType = text.plist.xml; path = Info.plist; sourceTree = "<group>"; };
		52EBA46D1F13AC7E003A9455 /* SampleTests.xctest */ = {isa = PBXFileReference; explicitFileType = wrapper.cfbundle; includeInIndex = 0; path = SampleTests.xctest; sourceTree = BUILT_PRODUCTS_DIR; };
		52EBA4711F13AC7E003A9455 /* SampleTests.swift */ = {isa = PBXFileReference; lastKnownFileType = sourcecode.swift; path = SampleTests.swift; sourceTree = "<group>"; };
		52EBA4731F13AC7E003A9455 /* Info.plist */ = {isa = PBXFileReference; lastKnownFileType = text.plist.xml; path = Info.plist; sourceTree = "<group>"; };
		52EBA4781F13AC7E003A9455 /* SampleUITests.xctest */ = {isa = PBXFileReference; explicitFileType = wrapper.cfbundle; includeInIndex = 0; path = SampleUITests.xctest; sourceTree = BUILT_PRODUCTS_DIR; };
		52EBA47C1F13AC7E003A9455 /* SampleUITests.swift */ = {isa = PBXFileReference; lastKnownFileType = sourcecode.swift; path = SampleUITests.swift; sourceTree = "<group>"; };
		52EBA47E1F13AC7E003A9455 /* Info.plist */ = {isa = PBXFileReference; lastKnownFileType = text.plist.xml; path = Info.plist; sourceTree = "<group>"; };
/* End PBXFileReference section */

/* Begin PBXFrameworksBuildPhase section */
		52EBA4561F13AC7D003A9455 /* Frameworks */ = {
			isa = PBXFrameworksBuildPhase;
			buildActionMask = 2147483647;
			files = (
			);
			runOnlyForDeploymentPostprocessing = 0;
		};
		52EBA46A1F13AC7E003A9455 /* Frameworks */ = {
			isa = PBXFrameworksBuildPhase;
			buildActionMask = 2147483647;
			files = (
			);
			runOnlyForDeploymentPostprocessing = 0;
		};
		52EBA4751F13AC7E003A9455 /* Frameworks */ = {
			isa = PBXFrameworksBuildPhase;
			buildActionMask = 2147483647;
			files = (
			);
			runOnlyForDeploymentPostprocessing = 0;
		};
/* End PBXFrameworksBuildPhase section */

/* Begin PBXGroup section */
		52EBA4501F13AC7D003A9455 = {
			isa = PBXGroup;
			children = (
				52EBA45B1F13AC7D003A9455 /* Sample */,
				52EBA4701F13AC7E003A9455 /* SampleTests */,
				52EBA47B1F13AC7E003A9455 /* SampleUITests */,
				52EBA45A1F13AC7D003A9455 /* Products */,
			);
			sourceTree = "<group>";
		};
		52EBA45A1F13AC7D003A9455 /* Products */ = {
			isa = PBXGroup;
			children = (
				52EBA4591F13AC7D003A9455 /* Sample.app */,
				52EBA46D1F13AC7E003A9455 /* SampleTests.xctest */,
				52EBA4781F13AC7E003A9455 /* SampleUITests.xctest */,
			);
			name = Products;
			sourceTree = "<group>";
		};
		52EBA45B1F13AC7D003A9455 /* Sample */ = {
			isa = PBXGroup;
			children = (
				52EBA45C1F13AC7D003A9455 /* AppDelegate.swift */,
				52EBA45E1F13AC7D003A9455 /* ViewController.swift */,
				52EBA4601F13AC7D003A9455 /* Main.storyboard */,
				52EBA4631F13AC7D003A9455 /* Assets.xcassets */,
				52EBA4651F13AC7D003A9455 /* LaunchScreen.storyboard */,
				52EBA4681F13AC7D003A9455 /* Info.plist */,
			);
			path = Sample;
			sourceTree = "<group>";
		};
		52EBA4701F13AC7E003A9455 /* SampleTests */ = {
			isa = PBXGroup;
			children = (
				52EBA4711F13AC7E003A9455 /* SampleTests.swift */,
				52EBA4731F13AC7E003A9455 /* Info.plist */,
			);
			path = SampleTests;
			sourceTree = "<group>";
		};
		52EBA47B1F13AC7E003A9455 /* SampleUITests */ = {
			isa = PBXGroup;
			children = (
				52EBA47C1F13AC7E003A9455 /* SampleUITests.swift */,
				52EBA47E1F13AC7E003A9455 /* Info.plist */,
			);
			path = SampleUITests;
			sourceTree = "<group>";
		};
/* End PBXGroup section */

/* Begin PBXNativeTarget section */
		52EBA4581F13AC7D003A9455 /* Sample */ = {
			isa = PBXNativeTarget;
			buildConfigurationList = 52EBA4811F13AC7E003A9455 /* Build configuration list for PBXNativeTarget "Sample" */;
			buildPhases = (
				52EBA4551F13AC7D003A9455 /* Sources */,
				52EBA4561F13AC7D003A9455 /* Frameworks */,
				52EBA4571F13AC7D003A9455 /* Resources */,
			);
			buildRules = (
			);
			dependencies = (
			);
			name = Sample;
			productName = Sample;
			productReference = 52EBA4591F13AC7D003A9455 /* Sample.app */;
			productType = "com.apple.product-type.application";
		};
		52EBA46C1F13AC7E003A9455 /* SampleTests */ = {
			isa = PBXNativeTarget;
			buildConfigurationList = 52EBA4841F13AC7E003A9455 /* Build configuration list for PBXNativeTarget "SampleTests" */;
			buildPhases = (
				52EBA4691F13AC7E003A9455 /* Sources */,
				52EBA46A1F13AC7E003A9455 /* Frameworks */,
				52EBA46B1F13AC7E003A9455 /* Resources */,
			);
			buildRules = (
			);
			dependencies = (
				52EBA46F1F13AC7E003A9455 /* PBXTargetDependency */,
			);
			name = SampleTests;
			productName = SampleTests;
			productReference = 52EBA46D1F13AC7E003A9455 /* SampleTests.xctest */;
			productType = "com.apple.product-type.bundle.unit-test";
		};
		52EBA4771F13AC7E003A9455 /* SampleUITests */ = {
			isa = PBXNativeTarget;
			buildConfigurationList = 52EBA4871F13AC7E003A9455 /* Build configuration list for PBXNativeTarget "SampleUITests" */;
			buildPhases = (
				52EBA4741F13AC7E003A9455 /* Sources */,
				52EBA4751F13AC7E003A9455 /* Frameworks */,
				52EBA4761F13AC7E003A9455 /* Resources */,
			);
			buildRules = (
			);
			dependencies = (
				52EBA47A1F13AC7E003A9455 /* PBXTargetDependency */,
			);
			name = SampleUITests;
			productName = SampleUITests;
			productReference = 52EBA4781F13AC7E003A9455 /* SampleUITests.xctest */;
			productType = "com.apple.product-type.bundle.ui-testing";
		};
/* End PBXNativeTarget section */

/* Begin PBXProject section */
		52EBA4511F13AC7D003A9455 /* Project object */ = {
			isa = PBXProject;
			attributes = {
				LastSwiftUpdateCheck = 0800;
				LastUpgradeCheck = 0800;
				ORGANIZATIONNAME = BlisslogixTechnologySolutions;
				TargetAttributes = {
					52EBA4581F13AC7D003A9455 = {
						CreatedOnToolsVersion = 8.0;
						DevelopmentTeam = S2563877Z5;
						ProvisioningStyle = Automatic;
					};
					52EBA46C1F13AC7E003A9455 = {
						CreatedOnToolsVersion = 8.0;
						DevelopmentTeam = S2563877Z5;
						ProvisioningStyle = Automatic;
						TestTargetID = 52EBA4581F13AC7D003A9455;
					};
					52EBA4771F13AC7E003A9455 = {
						CreatedOnToolsVersion = 8.0;
						DevelopmentTeam = S2563877Z5;
						ProvisioningStyle = Automatic;
						TestTargetID = 52EBA4581F13AC7D003A9455;
					};
				};
			};
			buildConfigurationList = 52EBA4541F13AC7D003A9455 /* Build configuration list for PBXProject "Sample" */;
			compatibilityVersion = "Xcode 3.2";
			developmentRegion = English;
			hasScannedForEncodings = 0;
			knownRegions = (
				en,
				Base,
			);
			mainGroup = 52EBA4501F13AC7D003A9455;
			productRefGroup = 52EBA45A1F13AC7D003A9455 /* Products */;
			projectDirPath = "";
			projectRoot = "";
			targets = (
				52EBA4581F13AC7D003A9455 /* Sample */,
				52EBA46C1F13AC7E003A9455 /* SampleTests */,
				52EBA4771F13AC7E003A9455 /* SampleUITests */,
			);
		};
/* End PBXProject section */

/* Begin PBXResourcesBuildPhase section */
		52EBA4571F13AC7D003A9455 /* Resources */ = {
			isa = PBXResourcesBuildPhase;
			buildActionMask = 2147483647;
			files = (
				52EBA4671F13AC7D003A9455 /* LaunchScreen.storyboard in Resources */,
				52EBA4641F13AC7D003A9455 /* Assets.xcassets in Resources */,
				52EBA4621F13AC7D003A9455 /* Main.storyboard in Resources */,
			);
			runOnlyForDeploymentPostprocessing = 0;
		};
		52EBA46B1F13AC7E003A9455 /* Resources */ = {
			isa = PBXResourcesBuildPhase;
			buildActionMask = 2147483647;
			files = (
			);
			runOnlyForDeploymentPostprocessing = 0;
		};
		52EBA4761F13AC7E003A9455 /* Resources */ = {
			isa = PBXResourcesBuildPhase;
			buildActionMask = 2147483647;
			files = (
			);
			runOnlyForDeploymentPostprocessing = 0;
		};
/* End PBXResourcesBuildPhase section */

/* Begin PBXSourcesBuildPhase section */
		52EBA4551F13AC7D003A9455 /* Sources */ = {
			isa = PBXSourcesBuildPhase;
			buildActionMask = 2147483647;
			files = (
				52EBA45F1F13AC7D003A9455 /* ViewController.swift in Sources */,
				52EBA45D1F13AC7D003A9455 /* AppDelegate.swift in Sources */,
			);
			runOnlyForDeploymentPostprocessing = 0;
		};
		52EBA4691F13AC7E003A9455 /* Sources */ = {
			isa = PBXSourcesBuildPhase;
			buildActionMask = 2147483647;
			files = (
				52EBA4721F13AC7E003A9455 /* SampleTests.swift in Sources */,
			);
			runOnlyForDeploymentPostprocessing = 0;
		};
		52EBA4741F13AC7E003A9455 /* Sources */ = {
			isa = PBXSourcesBuildPhase;
			buildActionMask = 2147483647;
			files = (
				52EBA47D1F13AC7E003A9455 /* SampleUITests.swift in Sources */,
			);
			runOnlyForDeploymentPostprocessing = 0;
		};
/* End PBXSourcesBuildPhase section */

/* Begin PBXTargetDependency section */
		52EBA46F1F13AC7E003A9455 /* PBXTargetDependency */ = {
			isa = PBXTargetDependency;
			target = 52EBA4581F13AC7D003A9455 /* Sample */;
			targetProxy = 52EBA46E1F13AC7E003A9455 /* PBXContainerItemProxy */;
		};
		52EBA47A1F13AC7E003A9455 /* PBXTargetDependency */ = {
			isa = PBXTargetDependency;
			target = 52EBA4581F13AC7D003A9455 /* Sample */;
			targetProxy = 52EBA4791F13AC7E003A9455 /* PBXContainerItemProxy */;
		};
/* End PBXTargetDependency section */

/* Begin PBXVariantGroup section */
		52EBA4601F13AC7D003A9455 /* Main.storyboard */ = {
			isa = PBXVariantGroup;
			children = (
				52EBA4611F13AC7D003A9455 /* Base */,
			);
			name = Main.storyboard;
			sourceTree = "<group>";
		};
		52EBA4651F13AC7D003A9455 /* LaunchScreen.storyboard */ = {
			isa = PBXVariantGroup;
			children = (
				52EBA4661F13AC7D003A9455 /* Base */,
			);
			name = LaunchScreen.storyboard;
			sourceTree = "<group>";
		};
/* End PBXVariantGroup section */

/* Begin XCBuildConfiguration section */
		52EBA47F1F13AC7E003A9455 /* Debug */ = {
			isa = XCBuildConfiguration;
			buildSettings = {
				ALWAYS_SEARCH_USER_PATHS = NO;
				CLANG_ANALYZER_NONNULL = YES;
				CLANG_CXX_LANGUAGE_STANDARD = "gnu++0x";
				CLANG_CXX_LIBRARY = "libc++";
				CLANG_ENABLE_MODULES = YES;
				CLANG_ENABLE_OBJC_ARC = YES;
				CLANG_WARN_BOOL_CONVERSION = YES;
				CLANG_WARN_CONSTANT_CONVERSION = YES;
				CLANG_WARN_DIRECT_OBJC_ISA_USAGE = YES_ERROR;
				CLANG_WARN_DOCUMENTATION_COMMENTS = YES;
				CLANG_WARN_EMPTY_BODY = YES;
				CLANG_WARN_ENUM_CONVERSION = YES;
				CLANG_WARN_INFINITE_RECURSION = YES;
				CLANG_WARN_INT_CONVERSION = YES;
				CLANG_WARN_OBJC_ROOT_CLASS = YES_ERROR;
				CLANG_WARN_SUSPICIOUS_MOVES = YES;
				CLANG_WARN_UNREACHABLE_CODE = YES;
				CLANG_WARN__DUPLICATE_METHOD_MATCH = YES;
				"CODE_SIGN_IDENTITY[sdk=iphoneos*]" = "iPhone Developer";
				COPY_PHASE_STRIP = NO;
				DEBUG_INFORMATION_FORMAT = dwarf;
				ENABLE_STRICT_OBJC_MSGSEND = YES;
				ENABLE_TESTABILITY = YES;
				GCC_C_LANGUAGE_STANDARD = gnu99;
				GCC_DYNAMIC_NO_PIC = NO;
				GCC_NO_COMMON_BLOCKS = YES;
				GCC_OPTIMIZATION_LEVEL = 0;
				GCC_PREPROCESSOR_DEFINITIONS = (
					"DEBUG=1",
					"$(inherited)",
				);
				GCC_WARN_64_TO_32_BIT_CONVERSION = YES;
				GCC_WARN_ABOUT_RETURN_TYPE = YES_ERROR;
				GCC_WARN_UNDECLARED_SELECTOR = YES;
				GCC_WARN_UNINITIALIZED_AUTOS = YES_AGGRESSIVE;
				GCC_WARN_UNUSED_FUNCTION = YES;
				GCC_WARN_UNUSED_VARIABLE = YES;
				IPHONEOS_DEPLOYMENT_TARGET = 10.0;
				MTL_ENABLE_DEBUG_INFO = YES;
				ONLY_ACTIVE_ARCH = YES;
				SDKROOT = iphoneos;
				SWIFT_ACTIVE_COMPILATION_CONDITIONS = DEBUG;
				SWIFT_OPTIMIZATION_LEVEL = "-Onone";
				TARGETED_DEVICE_FAMILY = "1,2";
			};
			name = Debug;
		};
		52EBA4801F13AC7E003A9455 /* Release */ = {
			isa = XCBuildConfiguration;
			buildSettings = {
				ALWAYS_SEARCH_USER_PATHS = NO;
				CLANG_ANALYZER_NONNULL = YES;
				CLANG_CXX_LANGUAGE_STANDARD = "gnu++0x";
				CLANG_CXX_LIBRARY = "libc++";
				CLANG_ENABLE_MODULES = YES;
				CLANG_ENABLE_OBJC_ARC = YES;
				CLANG_WARN_BOOL_CONVERSION = YES;
				CLANG_WARN_CONSTANT_CONVERSION = YES;
				CLANG_WARN_DIRECT_OBJC_ISA_USAGE = YES_ERROR;
				CLANG_WARN_DOCUMENTATION_COMMENTS = YES;
				CLANG_WARN_EMPTY_BODY = YES;
				CLANG_WARN_ENUM_CONVERSION = YES;
				CLANG_WARN_INFINITE_RECURSION = YES;
				CLANG_WARN_INT_CONVERSION = YES;
				CLANG_WARN_OBJC_ROOT_CLASS = YES_ERROR;
				CLANG_WARN_SUSPICIOUS_MOVES = YES;
				CLANG_WARN_UNREACHABLE_CODE = YES;
				CLANG_WARN__DUPLICATE_METHOD_MATCH = YES;
				"CODE_SIGN_IDENTITY[sdk=iphoneos*]" = "iPhone Developer";
				COPY_PHASE_STRIP = NO;
				DEBUG_INFORMATION_FORMAT = "dwarf-with-dsym";
				ENABLE_NS_ASSERTIONS = NO;
				ENABLE_STRICT_OBJC_MSGSEND = YES;
				GCC_C_LANGUAGE_STANDARD = gnu99;
				GCC_NO_COMMON_BLOCKS = YES;
				GCC_WARN_64_TO_32_BIT_CONVERSION = YES;
				GCC_WARN_ABOUT_RETURN_TYPE = YES_ERROR;
				GCC_WARN_UNDECLARED_SELECTOR = YES;
				GCC_WARN_UNINITIALIZED_AUTOS = YES_AGGRESSIVE;
				GCC_WARN_UNUSED_FUNCTION = YES;
				GCC_WARN_UNUSED_VARIABLE = YES;
				IPHONEOS_DEPLOYMENT_TARGET = 10.0;
				MTL_ENABLE_DEBUG_INFO = NO;
				SDKROOT = iphoneos;
				SWIFT_OPTIMIZATION_LEVEL = "-Owholemodule";
				TARGETED_DEVICE_FAMILY = "1,2";
				VALIDATE_PRODUCT = YES;
			};
			name = Release;
		};
		52EBA4821F13AC7E003A9455 /* Debug */ = {
			isa = XCBuildConfiguration;
			buildSettings = {
				ASSETCATALOG_COMPILER_APPICON_NAME = AppIcon;
				DEVELOPMENT_TEAM = S2563877Z5;
				INFOPLIST_FILE = Sample/Info.plist;
				LD_RUNPATH_SEARCH_PATHS = "$(inherited) @executable_path/Frameworks";
				PRODUCT_BUNDLE_IDENTIFIER = com.bliss.Sample;
				PRODUCT_NAME = "$(TARGET_NAME)";
				SWIFT_VERSION = 3.0;
			};
			name = Debug;
		};
		52EBA4831F13AC7E003A9455 /* Release */ = {
			isa = XCBuildConfiguration;
			buildSettings = {
				ASSETCATALOG_COMPILER_APPICON_NAME = AppIcon;
				DEVELOPMENT_TEAM = S2563877Z5;
				INFOPLIST_FILE = Sample/Info.plist;
				LD_RUNPATH_SEARCH_PATHS = "$(inherited) @executable_path/Frameworks";
				PRODUCT_BUNDLE_IDENTIFIER = com.bliss.Sample;
				PRODUCT_NAME = "$(TARGET_NAME)";
				SWIFT_VERSION = 3.0;
			};
			name = Release;
		};
		52EBA4851F13AC7E003A9455 /* Debug */ = {
			isa = XCBuildConfiguration;
			buildSettings = {
				ALWAYS_EMBED_SWIFT_STANDARD_LIBRARIES = YES;
				BUNDLE_LOADER = "$(TEST_HOST)";
				DEVELOPMENT_TEAM = S2563877Z5;
				INFOPLIST_FILE = SampleTests/Info.plist;
				LD_RUNPATH_SEARCH_PATHS = "$(inherited) @executable_path/Frameworks @loader_path/Frameworks";
				PRODUCT_BUNDLE_IDENTIFIER = com.bliss.SampleTests;
				PRODUCT_NAME = "$(TARGET_NAME)";
				SWIFT_VERSION = 3.0;
				TEST_HOST = "$(BUILT_PRODUCTS_DIR)/Sample.app/Sample";
			};
			name = Debug;
		};
		52EBA4861F13AC7E003A9455 /* Release */ = {
			isa = XCBuildConfiguration;
			buildSettings = {
				ALWAYS_EMBED_SWIFT_STANDARD_LIBRARIES = YES;
				BUNDLE_LOADER = "$(TEST_HOST)";
				DEVELOPMENT_TEAM = S2563877Z5;
				INFOPLIST_FILE = SampleTests/Info.plist;
				LD_RUNPATH_SEARCH_PATHS = "$(inherited) @executable_path/Frameworks @loader_path/Frameworks";
				PRODUCT_BUNDLE_IDENTIFIER = com.bliss.SampleTests;
				PRODUCT_NAME = "$(TARGET_NAME)";
				SWIFT_VERSION = 3.0;
				TEST_HOST = "$(BUILT_PRODUCTS_DIR)/Sample.app/Sample";
			};
			name = Release;
		};
		52EBA4881F13AC7E003A9455 /* Debug */ = {
			isa = XCBuildConfiguration;
			buildSettings = {
				ALWAYS_EMBED_SWIFT_STANDARD_LIBRARIES = YES;
				DEVELOPMENT_TEAM = S2563877Z5;
				INFOPLIST_FILE = SampleUITests/Info.plist;
				LD_RUNPATH_SEARCH_PATHS = "$(inherited) @executable_path/Frameworks @loader_path/Frameworks";
				PRODUCT_BUNDLE_IDENTIFIER = com.bliss.SampleUITests;
				PRODUCT_NAME = "$(TARGET_NAME)";
				SWIFT_VERSION = 3.0;
				TEST_TARGET_NAME = Sample;
			};
			name = Debug;
		};
		52EBA4891F13AC7E003A9455 /* Release */ = {
			isa = XCBuildConfiguration;
			buildSettings = {
				ALWAYS_EMBED_SWIFT_STANDARD_LIBRARIES = YES;
				DEVELOPMENT_TEAM = S2563877Z5;
				INFOPLIST_FILE = SampleUITests/Info.plist;
				LD_RUNPATH_SEARCH_PATHS = "$(inherited) @executable_path/Frameworks @loader_path/Frameworks";
				PRODUCT_BUNDLE_IDENTIFIER = com.bliss.SampleUITests;
				PRODUCT_NAME = "$(TARGET_NAME)";
				SWIFT_VERSION = 3.0;
				TEST_TARGET_NAME = Sample;
			};
			name = Release;
		};
/* End XCBuildConfiguration section */

/* Begin XCConfigurationList section */
		52EBA4541F13AC7D003A9455 /* Build configuration list for PBXProject "Sample" */ = {
			isa = XCConfigurationList;
			buildConfigurations = (
				52EBA47F1F13AC7E003A9455 /* Debug */,
				52EBA4801F13AC7E003A9455 /* Release */,
			);
			defaultConfigurationIsVisible = 0;
			defaultConfigurationName = Release;
		};
		52EBA4811F13AC7E003A9455 /* Build configuration list for PBXNativeTarget "Sample" */ = {
			isa = XCConfigurationList;
			buildConfigurations = (
				52EBA4821F13AC7E003A9455 /* Debug */,
				52EBA4831F13AC7E003A9455 /* Release */,
			);
			defaultConfigurationIsVisible = 0;
		};
		52EBA4841F13AC7E003A9455 /* Build configuration list for PBXNativeTarget "SampleTests" */ = {
			isa = XCConfigurationList;
			buildConfigurations = (
				52EBA4851F13AC7E003A9455 /* Debug */,
				52EBA4861F13AC7E003A9455 /* Release */,
			);
			defaultConfigurationIsVisible = 0;
		};
		52EBA4871F13AC7E003A9455 /* Build configuration list for PBXNativeTarget "SampleUITests" */ = {
			isa = XCConfigurationList;
			buildConfigurations = (
				52EBA4881F13AC7E003A9455 /* Debug */,
				52EBA4891F13AC7E003A9455 /* Release */,
			);
			defaultConfigurationIsVisible = 0;
		};
/* End XCConfigurationList section */
	};
	rootObject = 52EBA4511F13AC7D003A9455 /* Project object */;
}
